// !$*UTF8*$!
{
	archiveVersion = 1;
	classes = {
	};
	objectVersion = 50;
	objects = {

/* Begin PBXBuildFile section */
		603E65FD21B0AFEE00954542 /* AppDelegate.swift in Sources */ = {isa = PBXBuildFile; fileRef = 603E65FC21B0AFEE00954542 /* AppDelegate.swift */; };
		603E65FF21B0AFEE00954542 /* ViewController.swift in Sources */ = {isa = PBXBuildFile; fileRef = 603E65FE21B0AFEE00954542 /* ViewController.swift */; };
		603E660221B0AFEE00954542 /* Main.storyboard in Resources */ = {isa = PBXBuildFile; fileRef = 603E660021B0AFEE00954542 /* Main.storyboard */; };
		603E660421B0AFEF00954542 /* Assets.xcassets in Resources */ = {isa = PBXBuildFile; fileRef = 603E660321B0AFEF00954542 /* Assets.xcassets */; };
		603E660721B0AFEF00954542 /* LaunchScreen.storyboard in Resources */ = {isa = PBXBuildFile; fileRef = 603E660521B0AFEF00954542 /* LaunchScreen.storyboard */; };
		603E661221B0AFEF00954542 /* PullToRefreshTests.swift in Sources */ = {isa = PBXBuildFile; fileRef = 603E661121B0AFEF00954542 /* PullToRefreshTests.swift */; };
		603E661D21B0AFEF00954542 /* PullToRefreshUITests.swift in Sources */ = {isa = PBXBuildFile; fileRef = 603E661C21B0AFEF00954542 /* PullToRefreshUITests.swift */; };
		60F6A24B21B0D8C900413CD2 /* TableViewController.swift in Sources */ = {isa = PBXBuildFile; fileRef = 60F6A24A21B0D8C900413CD2 /* TableViewController.swift */; };
/* End PBXBuildFile section */

/* Begin PBXContainerItemProxy section */
		603E660E21B0AFEF00954542 /* PBXContainerItemProxy */ = {
			isa = PBXContainerItemProxy;
			containerPortal = 603E65F121B0AFEE00954542 /* Project object */;
			proxyType = 1;
			remoteGlobalIDString = 603E65F821B0AFEE00954542;
			remoteInfo = PullToRefresh;
		};
		603E661921B0AFEF00954542 /* PBXContainerItemProxy */ = {
			isa = PBXContainerItemProxy;
			containerPortal = 603E65F121B0AFEE00954542 /* Project object */;
			proxyType = 1;
			remoteGlobalIDString = 603E65F821B0AFEE00954542;
			remoteInfo = PullToRefresh;
		};
/* End PBXContainerItemProxy section */

/* Begin PBXFileReference section */
		603E65F921B0AFEE00954542 /* PullToRefresh.app */ = {isa = PBXFileReference; explicitFileType = wrapper.application; includeInIndex = 0; path = PullToRefresh.app; sourceTree = BUILT_PRODUCTS_DIR; };
		603E65FC21B0AFEE00954542 /* AppDelegate.swift */ = {isa = PBXFileReference; lastKnownFileType = sourcecode.swift; path = AppDelegate.swift; sourceTree = "<group>"; };
		603E65FE21B0AFEE00954542 /* ViewController.swift */ = {isa = PBXFileReference; lastKnownFileType = sourcecode.swift; path = ViewController.swift; sourceTree = "<group>"; };
		603E660121B0AFEE00954542 /* Base */ = {isa = PBXFileReference; lastKnownFileType = file.storyboard; name = Base; path = Base.lproj/Main.storyboard; sourceTree = "<group>"; };
		603E660321B0AFEF00954542 /* Assets.xcassets */ = {isa = PBXFileReference; lastKnownFileType = folder.assetcatalog; path = Assets.xcassets; sourceTree = "<group>"; };
		603E660621B0AFEF00954542 /* Base */ = {isa = PBXFileReference; lastKnownFileType = file.storyboard; name = Base; path = Base.lproj/LaunchScreen.storyboard; sourceTree = "<group>"; };
		603E660821B0AFEF00954542 /* Info.plist */ = {isa = PBXFileReference; lastKnownFileType = text.plist.xml; path = Info.plist; sourceTree = "<group>"; };
		603E660D21B0AFEF00954542 /* PullToRefreshTests.xctest */ = {isa = PBXFileReference; explicitFileType = wrapper.cfbundle; includeInIndex = 0; path = PullToRefreshTests.xctest; sourceTree = BUILT_PRODUCTS_DIR; };
		603E661121B0AFEF00954542 /* PullToRefreshTests.swift */ = {isa = PBXFileReference; lastKnownFileType = sourcecode.swift; path = PullToRefreshTests.swift; sourceTree = "<group>"; };
		603E661321B0AFEF00954542 /* Info.plist */ = {isa = PBXFileReference; lastKnownFileType = text.plist.xml; path = Info.plist; sourceTree = "<group>"; };
		603E661821B0AFEF00954542 /* PullToRefreshUITests.xctest */ = {isa = PBXFileReference; explicitFileType = wrapper.cfbundle; includeInIndex = 0; path = PullToRefreshUITests.xctest; sourceTree = BUILT_PRODUCTS_DIR; };
		603E661C21B0AFEF00954542 /* PullToRefreshUITests.swift */ = {isa = PBXFileReference; lastKnownFileType = sourcecode.swift; path = PullToRefreshUITests.swift; sourceTree = "<group>"; };
		603E661E21B0AFEF00954542 /* Info.plist */ = {isa = PBXFileReference; lastKnownFileType = text.plist.xml; path = Info.plist; sourceTree = "<group>"; };
		60F6A24A21B0D8C900413CD2 /* TableViewController.swift */ = {isa = PBXFileReference; lastKnownFileType = sourcecode.swift; path = TableViewController.swift; sourceTree = "<group>"; };
/* End PBXFileReference section */

/* Begin PBXFrameworksBuildPhase section */
		603E65F621B0AFEE00954542 /* Frameworks */ = {
			isa = PBXFrameworksBuildPhase;
			buildActionMask = 2147483647;
			files = (
			);
			runOnlyForDeploymentPostprocessing = 0;
		};
		603E660A21B0AFEF00954542 /* Frameworks */ = {
			isa = PBXFrameworksBuildPhase;
			buildActionMask = 2147483647;
			files = (
			);
			runOnlyForDeploymentPostprocessing = 0;
		};
		603E661521B0AFEF00954542 /* Frameworks */ = {
			isa = PBXFrameworksBuildPhase;
			buildActionMask = 2147483647;
			files = (
			);
			runOnlyForDeploymentPostprocessing = 0;
		};
/* End PBXFrameworksBuildPhase section */

/* Begin PBXGroup section */
		603E65F021B0AFEE00954542 = {
			isa = PBXGroup;
			children = (
				603E65FB21B0AFEE00954542 /* PullToRefresh */,
				603E661021B0AFEF00954542 /* PullToRefreshTests */,
				603E661B21B0AFEF00954542 /* PullToRefreshUITests */,
				603E65FA21B0AFEE00954542 /* Products */,
			);
			sourceTree = "<group>";
		};
		603E65FA21B0AFEE00954542 /* Products */ = {
			isa = PBXGroup;
			children = (
				603E65F921B0AFEE00954542 /* PullToRefresh.app */,
				603E660D21B0AFEF00954542 /* PullToRefreshTests.xctest */,
				603E661821B0AFEF00954542 /* PullToRefreshUITests.xctest */,
			);
			name = Products;
			sourceTree = "<group>";
		};
		603E65FB21B0AFEE00954542 /* PullToRefresh */ = {
			isa = PBXGroup;
			children = (
				603E65FC21B0AFEE00954542 /* AppDelegate.swift */,
				603E65FE21B0AFEE00954542 /* ViewController.swift */,
				60F6A24A21B0D8C900413CD2 /* TableViewController.swift */,
				603E660021B0AFEE00954542 /* Main.storyboard */,
				603E660321B0AFEF00954542 /* Assets.xcassets */,
				603E660521B0AFEF00954542 /* LaunchScreen.storyboard */,
				603E660821B0AFEF00954542 /* Info.plist */,
			);
			path = PullToRefresh;
			sourceTree = "<group>";
		};
		603E661021B0AFEF00954542 /* PullToRefreshTests */ = {
			isa = PBXGroup;
			children = (
				603E661121B0AFEF00954542 /* PullToRefreshTests.swift */,
				603E661321B0AFEF00954542 /* Info.plist */,
			);
			path = PullToRefreshTests;
			sourceTree = "<group>";
		};
		603E661B21B0AFEF00954542 /* PullToRefreshUITests */ = {
			isa = PBXGroup;
			children = (
				603E661C21B0AFEF00954542 /* PullToRefreshUITests.swift */,
				603E661E21B0AFEF00954542 /* Info.plist */,
			);
			path = PullToRefreshUITests;
			sourceTree = "<group>";
		};
/* End PBXGroup section */

/* Begin PBXNativeTarget section */
		603E65F821B0AFEE00954542 /* PullToRefresh */ = {
			isa = PBXNativeTarget;
			buildConfigurationList = 603E662121B0AFEF00954542 /* Build configuration list for PBXNativeTarget "PullToRefresh" */;
			buildPhases = (
				603E65F521B0AFEE00954542 /* Sources */,
				603E65F621B0AFEE00954542 /* Frameworks */,
				603E65F721B0AFEE00954542 /* Resources */,
			);
			buildRules = (
			);
			dependencies = (
			);
			name = PullToRefresh;
			productName = PullToRefresh;
			productReference = 603E65F921B0AFEE00954542 /* PullToRefresh.app */;
			productType = "com.apple.product-type.application";
		};
		603E660C21B0AFEF00954542 /* PullToRefreshTests */ = {
			isa = PBXNativeTarget;
			buildConfigurationList = 603E662421B0AFEF00954542 /* Build configuration list for PBXNativeTarget "PullToRefreshTests" */;
			buildPhases = (
				603E660921B0AFEF00954542 /* Sources */,
				603E660A21B0AFEF00954542 /* Frameworks */,
				603E660B21B0AFEF00954542 /* Resources */,
			);
			buildRules = (
			);
			dependencies = (
				603E660F21B0AFEF00954542 /* PBXTargetDependency */,
			);
			name = PullToRefreshTests;
			productName = PullToRefreshTests;
			productReference = 603E660D21B0AFEF00954542 /* PullToRefreshTests.xctest */;
			productType = "com.apple.product-type.bundle.unit-test";
		};
		603E661721B0AFEF00954542 /* PullToRefreshUITests */ = {
			isa = PBXNativeTarget;
			buildConfigurationList = 603E662721B0AFEF00954542 /* Build configuration list for PBXNativeTarget "PullToRefreshUITests" */;
			buildPhases = (
				603E661421B0AFEF00954542 /* Sources */,
				603E661521B0AFEF00954542 /* Frameworks */,
				603E661621B0AFEF00954542 /* Resources */,
			);
			buildRules = (
			);
			dependencies = (
				603E661A21B0AFEF00954542 /* PBXTargetDependency */,
			);
			name = PullToRefreshUITests;
			productName = PullToRefreshUITests;
			productReference = 603E661821B0AFEF00954542 /* PullToRefreshUITests.xctest */;
			productType = "com.apple.product-type.bundle.ui-testing";
		};
/* End PBXNativeTarget section */

/* Begin PBXProject section */
		603E65F121B0AFEE00954542 /* Project object */ = {
			isa = PBXProject;
			attributes = {
				LastSwiftUpdateCheck = 1000;
				LastUpgradeCheck = 1000;
				ORGANIZATIONNAME = daicudu;
				TargetAttributes = {
					603E65F821B0AFEE00954542 = {
						CreatedOnToolsVersion = 10.0;
					};
					603E660C21B0AFEF00954542 = {
						CreatedOnToolsVersion = 10.0;
						TestTargetID = 603E65F821B0AFEE00954542;
					};
					603E661721B0AFEF00954542 = {
						CreatedOnToolsVersion = 10.0;
						TestTargetID = 603E65F821B0AFEE00954542;
					};
				};
			};
			buildConfigurationList = 603E65F421B0AFEE00954542 /* Build configuration list for PBXProject "PullToRefresh" */;
			compatibilityVersion = "Xcode 9.3";
			developmentRegion = en;
			hasScannedForEncodings = 0;
			knownRegions = (
				en,
				Base,
			);
			mainGroup = 603E65F021B0AFEE00954542;
			productRefGroup = 603E65FA21B0AFEE00954542 /* Products */;
			projectDirPath = "";
			projectRoot = "";
			targets = (
				603E65F821B0AFEE00954542 /* PullToRefresh */,
				603E660C21B0AFEF00954542 /* PullToRefreshTests */,
				603E661721B0AFEF00954542 /* PullToRefreshUITests */,
			);
		};
/* End PBXProject section */

/* Begin PBXResourcesBuildPhase section */
		603E65F721B0AFEE00954542 /* Resources */ = {
			isa = PBXResourcesBuildPhase;
			buildActionMask = 2147483647;
			files = (
				603E660721B0AFEF00954542 /* LaunchScreen.storyboard in Resources */,
				603E660421B0AFEF00954542 /* Assets.xcassets in Resources */,
				603E660221B0AFEE00954542 /* Main.storyboard in Resources */,
			);
			runOnlyForDeploymentPostprocessing = 0;
		};
		603E660B21B0AFEF00954542 /* Resources */ = {
			isa = PBXResourcesBuildPhase;
			buildActionMask = 2147483647;
			files = (
			);
			runOnlyForDeploymentPostprocessing = 0;
		};
		603E661621B0AFEF00954542 /* Resources */ = {
			isa = PBXResourcesBuildPhase;
			buildActionMask = 2147483647;
			files = (
			);
			runOnlyForDeploymentPostprocessing = 0;
		};
/* End PBXResourcesBuildPhase section */

/* Begin PBXSourcesBuildPhase section */
		603E65F521B0AFEE00954542 /* Sources */ = {
			isa = PBXSourcesBuildPhase;
			buildActionMask = 2147483647;
			files = (
				603E65FF21B0AFEE00954542 /* ViewController.swift in Sources */,
				60F6A24B21B0D8C900413CD2 /* TableViewController.swift in Sources */,
				603E65FD21B0AFEE00954542 /* AppDelegate.swift in Sources */,
			);
			runOnlyForDeploymentPostprocessing = 0;
		};
		603E660921B0AFEF00954542 /* Sources */ = {
			isa = PBXSourcesBuildPhase;
			buildActionMask = 2147483647;
			files = (
				603E661221B0AFEF00954542 /* PullToRefreshTests.swift in Sources */,
			);
			runOnlyForDeploymentPostprocessing = 0;
		};
		603E661421B0AFEF00954542 /* Sources */ = {
			isa = PBXSourcesBuildPhase;
			buildActionMask = 2147483647;
			files = (
				603E661D21B0AFEF00954542 /* PullToRefreshUITests.swift in Sources */,
			);
			runOnlyForDeploymentPostprocessing = 0;
		};
/* End PBXSourcesBuildPhase section */

/* Begin PBXTargetDependency section */
		603E660F21B0AFEF00954542 /* PBXTargetDependency */ = {
			isa = PBXTargetDependency;
			target = 603E65F821B0AFEE00954542 /* PullToRefresh */;
			targetProxy = 603E660E21B0AFEF00954542 /* PBXContainerItemProxy */;
		};
		603E661A21B0AFEF00954542 /* PBXTargetDependency */ = {
			isa = PBXTargetDependency;
			target = 603E65F821B0AFEE00954542 /* PullToRefresh */;
			targetProxy = 603E661921B0AFEF00954542 /* PBXContainerItemProxy */;
		};
/* End PBXTargetDependency section */

/* Begin PBXVariantGroup section */
		603E660021B0AFEE00954542 /* Main.storyboard */ = {
			isa = PBXVariantGroup;
			children = (
				603E660121B0AFEE00954542 /* Base */,
			);
			name = Main.storyboard;
			sourceTree = "<group>";
		};
		603E660521B0AFEF00954542 /* LaunchScreen.storyboard */ = {
			isa = PBXVariantGroup;
			children = (
				603E660621B0AFEF00954542 /* Base */,
			);
			name = LaunchScreen.storyboard;
			sourceTree = "<group>";
		};
/* End PBXVariantGroup section */

/* Begin XCBuildConfiguration section */
		603E661F21B0AFEF00954542 /* Debug */ = {
			isa = XCBuildConfiguration;
			buildSettings = {
				ALWAYS_SEARCH_USER_PATHS = NO;
				CLANG_ANALYZER_NONNULL = YES;
				CLANG_ANALYZER_NUMBER_OBJECT_CONVERSION = YES_AGGRESSIVE;
				CLANG_CXX_LANGUAGE_STANDARD = "gnu++14";
				CLANG_CXX_LIBRARY = "libc++";
				CLANG_ENABLE_MODULES = YES;
				CLANG_ENABLE_OBJC_ARC = YES;
				CLANG_ENABLE_OBJC_WEAK = YES;
				CLANG_WARN_BLOCK_CAPTURE_AUTORELEASING = YES;
				CLANG_WARN_BOOL_CONVERSION = YES;
				CLANG_WARN_COMMA = YES;
				CLANG_WARN_CONSTANT_CONVERSION = YES;
				CLANG_WARN_DEPRECATED_OBJC_IMPLEMENTATIONS = YES;
				CLANG_WARN_DIRECT_OBJC_ISA_USAGE = YES_ERROR;
				CLANG_WARN_DOCUMENTATION_COMMENTS = YES;
				CLANG_WARN_EMPTY_BODY = YES;
				CLANG_WARN_ENUM_CONVERSION = YES;
				CLANG_WARN_INFINITE_RECURSION = YES;
				CLANG_WARN_INT_CONVERSION = YES;
				CLANG_WARN_NON_LITERAL_NULL_CONVERSION = YES;
				CLANG_WARN_OBJC_IMPLICIT_RETAIN_SELF = YES;
				CLANG_WARN_OBJC_LITERAL_CONVERSION = YES;
				CLANG_WARN_OBJC_ROOT_CLASS = YES_ERROR;
				CLANG_WARN_RANGE_LOOP_ANALYSIS = YES;
				CLANG_WARN_STRICT_PROTOTYPES = YES;
				CLANG_WARN_SUSPICIOUS_MOVE = YES;
				CLANG_WARN_UNGUARDED_AVAILABILITY = YES_AGGRESSIVE;
				CLANG_WARN_UNREACHABLE_CODE = YES;
				CLANG_WARN__DUPLICATE_METHOD_MATCH = YES;
				CODE_SIGN_IDENTITY = "iPhone Developer";
				COPY_PHASE_STRIP = NO;
				DEBUG_INFORMATION_FORMAT = dwarf;
				ENABLE_STRICT_OBJC_MSGSEND = YES;
				ENABLE_TESTABILITY = YES;
				GCC_C_LANGUAGE_STANDARD = gnu11;
				GCC_DYNAMIC_NO_PIC = NO;
				GCC_NO_COMMON_BLOCKS = YES;
				GCC_OPTIMIZATION_LEVEL = 0;
				GCC_PREPROCESSOR_DEFINITIONS = (
					"DEBUG=1",
					"$(inherited)",
				);
				GCC_WARN_64_TO_32_BIT_CONVERSION = YES;
				GCC_WARN_ABOUT_RETURN_TYPE = YES_ERROR;
				GCC_WARN_UNDECLARED_SELECTOR = YES;
				GCC_WARN_UNINITIALIZED_AUTOS = YES_AGGRESSIVE;
				GCC_WARN_UNUSED_FUNCTION = YES;
				GCC_WARN_UNUSED_VARIABLE = YES;
				IPHONEOS_DEPLOYMENT_TARGET = 12.0;
				MTL_ENABLE_DEBUG_INFO = INCLUDE_SOURCE;
				MTL_FAST_MATH = YES;
				ONLY_ACTIVE_ARCH = YES;
				SDKROOT = iphoneos;
				SWIFT_ACTIVE_COMPILATION_CONDITIONS = DEBUG;
				SWIFT_OPTIMIZATION_LEVEL = "-Onone";
			};
			name = Debug;
		};
		603E662021B0AFEF00954542 /* Release */ = {
			isa = XCBuildConfiguration;
			buildSettings = {
				ALWAYS_SEARCH_USER_PATHS = NO;
				CLANG_ANALYZER_NONNULL = YES;
				CLANG_ANALYZER_NUMBER_OBJECT_CONVERSION = YES_AGGRESSIVE;
				CLANG_CXX_LANGUAGE_STANDARD = "gnu++14";
				CLANG_CXX_LIBRARY = "libc++";
				CLANG_ENABLE_MODULES = YES;
				CLANG_ENABLE_OBJC_ARC = YES;
				CLANG_ENABLE_OBJC_WEAK = YES;
				CLANG_WARN_BLOCK_CAPTURE_AUTORELEASING = YES;
				CLANG_WARN_BOOL_CONVERSION = YES;
				CLANG_WARN_COMMA = YES;
				CLANG_WARN_CONSTANT_CONVERSION = YES;
				CLANG_WARN_DEPRECATED_OBJC_IMPLEMENTATIONS = YES;
				CLANG_WARN_DIRECT_OBJC_ISA_USAGE = YES_ERROR;
				CLANG_WARN_DOCUMENTATION_COMMENTS = YES;
				CLANG_WARN_EMPTY_BODY = YES;
				CLANG_WARN_ENUM_CONVERSION = YES;
				CLANG_WARN_INFINITE_RECURSION = YES;
				CLANG_WARN_INT_CONVERSION = YES;
				CLANG_WARN_NON_LITERAL_NULL_CONVERSION = YES;
				CLANG_WARN_OBJC_IMPLICIT_RETAIN_SELF = YES;
				CLANG_WARN_OBJC_LITERAL_CONVERSION = YES;
				CLANG_WARN_OBJC_ROOT_CLASS = YES_ERROR;
				CLANG_WARN_RANGE_LOOP_ANALYSIS = YES;
				CLANG_WARN_STRICT_PROTOTYPES = YES;
				CLANG_WARN_SUSPICIOUS_MOVE = YES;
				CLANG_WARN_UNGUARDED_AVAILABILITY = YES_AGGRESSIVE;
				CLANG_WARN_UNREACHABLE_CODE = YES;
				CLANG_WARN__DUPLICATE_METHOD_MATCH = YES;
				CODE_SIGN_IDENTITY = "iPhone Developer";
				COPY_PHASE_STRIP = NO;
				DEBUG_INFORMATION_FORMAT = "dwarf-with-dsym";
				ENABLE_NS_ASSERTIONS = NO;
				ENABLE_STRICT_OBJC_MSGSEND = YES;
				GCC_C_LANGUAGE_STANDARD = gnu11;
				GCC_NO_COMMON_BLOCKS = YES;
				GCC_WARN_64_TO_32_BIT_CONVERSION = YES;
				GCC_WARN_ABOUT_RETURN_TYPE = YES_ERROR;
				GCC_WARN_UNDECLARED_SELECTOR = YES;
				GCC_WARN_UNINITIALIZED_AUTOS = YES_AGGRESSIVE;
				GCC_WARN_UNUSED_FUNCTION = YES;
				GCC_WARN_UNUSED_VARIABLE = YES;
				IPHONEOS_DEPLOYMENT_TARGET = 12.0;
				MTL_ENABLE_DEBUG_INFO = NO;
				MTL_FAST_MATH = YES;
				SDKROOT = iphoneos;
				SWIFT_COMPILATION_MODE = wholemodule;
				SWIFT_OPTIMIZATION_LEVEL = "-O";
				VALIDATE_PRODUCT = YES;
			};
			name = Release;
		};
		603E662221B0AFEF00954542 /* Debug */ = {
			isa = XCBuildConfiguration;
			buildSettings = {
				ASSETCATALOG_COMPILER_APPICON_NAME = AppIcon;
				CODE_SIGN_STYLE = Automatic;
				INFOPLIST_FILE = PullToRefresh/Info.plist;
				LD_RUNPATH_SEARCH_PATHS = (
					"$(inherited)",
					"@executable_path/Frameworks",
				);
				PRODUCT_BUNDLE_IDENTIFIER = asddf.PullToRefresh;
				PRODUCT_NAME = "$(TARGET_NAME)";
				SWIFT_VERSION = 4.2;
				TARGETED_DEVICE_FAMILY = "1,2";
			};
			name = Debug;
		};
		603E662321B0AFEF00954542 /* Release */ = {
			isa = XCBuildConfiguration;
			buildSettings = {
				ASSETCATALOG_COMPILER_APPICON_NAME = AppIcon;
				CODE_SIGN_STYLE = Automatic;
				INFOPLIST_FILE = PullToRefresh/Info.plist;
				LD_RUNPATH_SEARCH_PATHS = (
					"$(inherited)",
					"@executable_path/Frameworks",
				);
				PRODUCT_BUNDLE_IDENTIFIER = asddf.PullToRefresh;
				PRODUCT_NAME = "$(TARGET_NAME)";
				SWIFT_VERSION = 4.2;
				TARGETED_DEVICE_FAMILY = "1,2";
			};
			name = Release;
		};
		603E662521B0AFEF00954542 /* Debug */ = {
			isa = XCBuildConfiguration;
			buildSettings = {
				ALWAYS_EMBED_SWIFT_STANDARD_LIBRARIES = YES;
				BUNDLE_LOADER = "$(TEST_HOST)";
				CODE_SIGN_STYLE = Automatic;
				INFOPLIST_FILE = PullToRefreshTests/Info.plist;
				LD_RUNPATH_SEARCH_PATHS = (
					"$(inherited)",
					"@executable_path/Frameworks",
					"@loader_path/Frameworks",
				);
				PRODUCT_BUNDLE_IDENTIFIER = asddf.PullToRefreshTests;
				PRODUCT_NAME = "$(TARGET_NAME)";
				SWIFT_VERSION = 4.2;
				TARGETED_DEVICE_FAMILY = "1,2";
				TEST_HOST = "$(BUILT_PRODUCTS_DIR)/PullToRefresh.app/PullToRefresh";
			};
			name = Debug;
		};
		603E662621B0AFEF00954542 /* Release */ = {
			isa = XCBuildConfiguration;
			buildSettings = {
				ALWAYS_EMBED_SWIFT_STANDARD_LIBRARIES = YES;
				BUNDLE_LOADER = "$(TEST_HOST)";
				CODE_SIGN_STYLE = Automatic;
				INFOPLIST_FILE = PullToRefreshTests/Info.plist;
				LD_RUNPATH_SEARCH_PATHS = (
					"$(inherited)",
					"@executable_path/Frameworks",
					"@loader_path/Frameworks",
				);
				PRODUCT_BUNDLE_IDENTIFIER = asddf.PullToRefreshTests;
				PRODUCT_NAME = "$(TARGET_NAME)";
				SWIFT_VERSION = 4.2;
				TARGETED_DEVICE_FAMILY = "1,2";
				TEST_HOST = "$(BUILT_PRODUCTS_DIR)/PullToRefresh.app/PullToRefresh";
			};
			name = Release;
		};
		603E662821B0AFEF00954542 /* Debug */ = {
			isa = XCBuildConfiguration;
			buildSettings = {
				ALWAYS_EMBED_SWIFT_STANDARD_LIBRARIES = YES;
				CODE_SIGN_STYLE = Automatic;
				INFOPLIST_FILE = PullToRefreshUITests/Info.plist;
				LD_RUNPATH_SEARCH_PATHS = (
					"$(inherited)",
					"@executable_path/Frameworks",
					"@loader_path/Frameworks",
				);
				PRODUCT_BUNDLE_IDENTIFIER = asddf.PullToRefreshUITests;
				PRODUCT_NAME = "$(TARGET_NAME)";
				SWIFT_VERSION = 4.2;
				TARGETED_DEVICE_FAMILY = "1,2";
				TEST_TARGET_NAME = PullToRefresh;
			};
			name = Debug;
		};
		603E662921B0AFEF00954542 /* Release */ = {
			isa = XCBuildConfiguration;
			buildSettings = {
				ALWAYS_EMBED_SWIFT_STANDARD_LIBRARIES = YES;
				CODE_SIGN_STYLE = Automatic;
				INFOPLIST_FILE = PullToRefreshUITests/Info.plist;
				LD_RUNPATH_SEARCH_PATHS = (
					"$(inherited)",
					"@executable_path/Frameworks",
					"@loader_path/Frameworks",
				);
				PRODUCT_BUNDLE_IDENTIFIER = asddf.PullToRefreshUITests;
				PRODUCT_NAME = "$(TARGET_NAME)";
				SWIFT_VERSION = 4.2;
				TARGETED_DEVICE_FAMILY = "1,2";
				TEST_TARGET_NAME = PullToRefresh;
			};
			name = Release;
		};
/* End XCBuildConfiguration section */

/* Begin XCConfigurationList section */
		603E65F421B0AFEE00954542 /* Build configuration list for PBXProject "PullToRefresh" */ = {
			isa = XCConfigurationList;
			buildConfigurations = (
				603E661F21B0AFEF00954542 /* Debug */,
				603E662021B0AFEF00954542 /* Release */,
			);
			defaultConfigurationIsVisible = 0;
			defaultConfigurationName = Release;
		};
		603E662121B0AFEF00954542 /* Build configuration list for PBXNativeTarget "PullToRefresh" */ = {
			isa = XCConfigurationList;
			buildConfigurations = (
				603E662221B0AFEF00954542 /* Debug */,
				603E662321B0AFEF00954542 /* Release */,
			);
			defaultConfigurationIsVisible = 0;
			defaultConfigurationName = Release;
		};
		603E662421B0AFEF00954542 /* Build configuration list for PBXNativeTarget "PullToRefreshTests" */ = {
			isa = XCConfigurationList;
			buildConfigurations = (
				603E662521B0AFEF00954542 /* Debug */,
				603E662621B0AFEF00954542 /* Release */,
			);
			defaultConfigurationIsVisible = 0;
			defaultConfigurationName = Release;
		};
		603E662721B0AFEF00954542 /* Build configuration list for PBXNativeTarget "PullToRefreshUITests" */ = {
			isa = XCConfigurationList;
			buildConfigurations = (
				603E662821B0AFEF00954542 /* Debug */,
				603E662921B0AFEF00954542 /* Release */,
			);
			defaultConfigurationIsVisible = 0;
			defaultConfigurationName = Release;
		};
/* End XCConfigurationList section */
	};
	rootObject = 603E65F121B0AFEE00954542 /* Project object */;
}
